
Microsoft Visual Studio Solution File, Format Version 12.00
# Visual Studio Version 17
VisualStudioVersion = 17.5.33516.290
MinimumVisualStudioVersion = 10.0.40219.1
Project("{FAE04EC0-301F-11D3-BF4B-00C04F79EFBC}") = "stealer", "stealer\stealer.csproj", "{867F9AD3-7F46-474F-88D1-FB978AB47DDB}"
EndProject
Global
	GlobalSection(SolutionConfigurationPlatforms) = preSolution
		Debug|Any CPU = Debug|Any CPU
		Release|Any CPU = Release|Any CPU
	EndGlobalSection
	GlobalSection(ProjectConfigurationPlatforms) = postSolution
		{867F9AD3-7F46-474F-88D1-FB978AB47DDB}.Debug|Any CPU.ActiveCfg = Debug|Any CPU
		{867F9AD3-7F46-474F-88D1-FB978AB47DDB}.Debug|Any CPU.Build.0 = Debug|Any CPU
		{867F9AD3-7F46-474F-88D1-FB978AB47DDB}.Release|Any CPU.ActiveCfg = Release|Any CPU
		{867F9AD3-7F46-474F-88D1-FB978AB47DDB}.Release|Any CPU.Build.0 = Release|Any CPU
	EndGlobalSection
	GlobalSection(SolutionProperties) = preSolution
		HideSolutionNode = FALSE
	EndGlobalSection
	GlobalSection(ExtensibilityGlobals) = postSolution
		SolutionGuid = {2B4D92C5-19F3-47BA-92B3-F4BB85E41232}
	EndGlobalSection
EndGlobal
